
Microsoft Visual Studio Solution File, Format Version 12.00
# Visual Studio Version 17
VisualStudioVersion = 17.4.33403.182
MinimumVisualStudioVersion = 10.0.40219.1
Project("{FAE04EC0-301F-11D3-BF4B-00C04F79EFBC}") = "BigSchool", "BigSchool.csproj", "{0337CF69-90D6-4CF5-8EC5-96F3D5BF41BD}"
EndProject
Global
	GlobalSection(SolutionConfigurationPlatforms) = preSolution
		Debug|Any CPU = Debug|Any CPU
		Release|Any CPU = Release|Any CPU
	EndGlobalSection
	GlobalSection(ProjectConfigurationPlatforms) = postSolution
		{0337CF69-90D6-4CF5-8EC5-96F3D5BF41BD}.Debug|Any CPU.ActiveCfg = Debug|Any CPU
		{0337CF69-90D6-4CF5-8EC5-96F3D5BF41BD}.Debug|Any CPU.Build.0 = Debug|Any CPU
		{0337CF69-90D6-4CF5-8EC5-96F3D5BF41BD}.Release|Any CPU.ActiveCfg = Release|Any CPU
		{0337CF69-90D6-4CF5-8EC5-96F3D5BF41BD}.Release|Any CPU.Build.0 = Release|Any CPU
	EndGlobalSection
	GlobalSection(SolutionProperties) = preSolution
		HideSolutionNode = FALSE
	EndGlobalSection
	GlobalSection(ExtensibilityGlobals) = postSolution
		SolutionGuid = {F1BF8CC8-66A7-442A-8393-96B0E6F42BC3}
	EndGlobalSection
EndGlobal
